
Microsoft Visual Studio Solution File, Format Version 12.00
# Visual Studio 15
VisualStudioVersion = 15.0.27130.2010
MinimumVisualStudioVersion = 10.0.40219.1
Project("{8BC9CEB8-8B4A-11D0-8D11-00A0C91BC942}") = "SluiFileHandlerHijackLPE", "SluiFileHandlerHijackLPE\SluiFileHandlerHijackLPE.vcxproj", "{CF9EE248-E537-43C2-8886-C54E51430F02}"
EndProject
Global
	GlobalSection(SolutionConfigurationPlatforms) = preSolution
		Debug|x64 = Debug|x64
		Debug|x86 = Debug|x86
		Release|x64 = Release|x64
		Release|x86 = Release|x86
	EndGlobalSection
	GlobalSection(ProjectConfigurationPlatforms) = postSolution
		{CF9EE248-E537-43C2-8886-C54E51430F02}.Debug|x64.ActiveCfg = Debug|x64
		{CF9EE248-E537-43C2-8886-C54E51430F02}.Debug|x64.Build.0 = Debug|x64
		{CF9EE248-E537-43C2-8886-C54E51430F02}.Debug|x86.ActiveCfg = Debug|Win32
		{CF9EE248-E537-43C2-8886-C54E51430F02}.Debug|x86.Build.0 = Debug|Win32
		{CF9EE248-E537-43C2-8886-C54E51430F02}.Release|x64.ActiveCfg = Release|x64
		{CF9EE248-E537-43C2-8886-C54E51430F02}.Release|x64.Build.0 = Release|x64
		{CF9EE248-E537-43C2-8886-C54E51430F02}.Release|x86.ActiveCfg = Release|Win32
		{CF9EE248-E537-43C2-8886-C54E51430F02}.Release|x86.Build.0 = Release|Win32
	EndGlobalSection
	GlobalSection(SolutionProperties) = preSolution
		HideSolutionNode = FALSE
	EndGlobalSection
	GlobalSection(ExtensibilityGlobals) = postSolution
		SolutionGuid = {AA468A55-1A3A-4469-A776-52B7578A0E7A}
	EndGlobalSection
EndGlobal
