name: Sherlock
authors:
  - '@_RastaMouse'
description: Find Windows local privilege escalation vulnerabilities.
software: ''
techniques:
  - T1046
background: true
output_extension:
needs_admin: false
opsec_safe: true
language: powershell
min_language_version: '2'
comments:
  - https://github.com/rasta-mouse/Sherlock
options:
  - name: Agent
    description: Agent to run module on.
    required: true
    value: ''
  - name: OutputFunction
    description: PowerShell's output function to use ("Out-String", "ConvertTo-Json", "ConvertTo-Csv", "ConvertTo-Html", "ConvertTo-Xml").
    required: false
    value: 'Out-String'
    strict: false
    suggested_values:
      - Out-String
      - ConvertTo-Json
      - ConvertTo-Csv
      - ConvertTo-Html
      - ConvertTo-Xml
script_path: 'empire/server/data/module_source/privesc/Sherlock.ps1'
script_end: Find-AllVulns | {{ OUTPUT_FUNCTION }} | %{$_ + "`n"};
